
Microsoft Visual Studio Solution File, Format Version 12.00
# Visual Studio Version 17
VisualStudioVersion = 17.12.35527.113 d17.12
MinimumVisualStudioVersion = 10.0.40219.1
Project("{FAE04EC0-301F-11D3-BF4B-00C04F79EFBC}") = "OhBau.API", "OhBau.API\OhBau.API.csproj", "{3E4326E4-65F2-47C6-9785-C0EAE658ADD8}"
EndProject
Project("{FAE04EC0-301F-11D3-BF4B-00C04F79EFBC}") = "OhBau.Model", "OhBau.Model\OhBau.Model.csproj", "{FA67D3A4-7F06-48EB-B3CE-2AA57FA71D0F}"
EndProject
Project("{FAE04EC0-301F-11D3-BF4B-00C04F79EFBC}") = "OhBau.Service", "OhBau.Service\OhBau.Service.csproj", "{E1961C84-B62B-49C3-9BEB-7A878626B51B}"
EndProject
Project("{FAE04EC0-301F-11D3-BF4B-00C04F79EFBC}") = "OhBau.Repository", "OhBau.Repository\OhBau.Repository.csproj", "{836EDD6D-1EBB-4FFB-AB98-96DE006AAFB8}"
EndProject
Global
	GlobalSection(SolutionConfigurationPlatforms) = preSolution
		Debug|Any CPU = Debug|Any CPU
		Release|Any CPU = Release|Any CPU
	EndGlobalSection
	GlobalSection(ProjectConfigurationPlatforms) = postSolution
		{3E4326E4-65F2-47C6-9785-C0EAE658ADD8}.Debug|Any CPU.ActiveCfg = Debug|Any CPU
		{3E4326E4-65F2-47C6-9785-C0EAE658ADD8}.Debug|Any CPU.Build.0 = Debug|Any CPU
		{3E4326E4-65F2-47C6-9785-C0EAE658ADD8}.Release|Any CPU.ActiveCfg = Release|Any CPU
		{3E4326E4-65F2-47C6-9785-C0EAE658ADD8}.Release|Any CPU.Build.0 = Release|Any CPU
		{FA67D3A4-7F06-48EB-B3CE-2AA57FA71D0F}.Debug|Any CPU.ActiveCfg = Debug|Any CPU
		{FA67D3A4-7F06-48EB-B3CE-2AA57FA71D0F}.Debug|Any CPU.Build.0 = Debug|Any CPU
		{FA67D3A4-7F06-48EB-B3CE-2AA57FA71D0F}.Release|Any CPU.ActiveCfg = Release|Any CPU
		{FA67D3A4-7F06-48EB-B3CE-2AA57FA71D0F}.Release|Any CPU.Build.0 = Release|Any CPU
		{E1961C84-B62B-49C3-9BEB-7A878626B51B}.Debug|Any CPU.ActiveCfg = Debug|Any CPU
		{E1961C84-B62B-49C3-9BEB-7A878626B51B}.Debug|Any CPU.Build.0 = Debug|Any CPU
		{E1961C84-B62B-49C3-9BEB-7A878626B51B}.Release|Any CPU.ActiveCfg = Release|Any CPU
		{E1961C84-B62B-49C3-9BEB-7A878626B51B}.Release|Any CPU.Build.0 = Release|Any CPU
		{836EDD6D-1EBB-4FFB-AB98-96DE006AAFB8}.Debug|Any CPU.ActiveCfg = Debug|Any CPU
		{836EDD6D-1EBB-4FFB-AB98-96DE006AAFB8}.Debug|Any CPU.Build.0 = Debug|Any CPU
		{836EDD6D-1EBB-4FFB-AB98-96DE006AAFB8}.Release|Any CPU.ActiveCfg = Release|Any CPU
		{836EDD6D-1EBB-4FFB-AB98-96DE006AAFB8}.Release|Any CPU.Build.0 = Release|Any CPU
	EndGlobalSection
	GlobalSection(SolutionProperties) = preSolution
		HideSolutionNode = FALSE
	EndGlobalSection
EndGlobal
